
Microsoft Visual Studio Solution File, Format Version 12.00
# Visual Studio Version 17
VisualStudioVersion = 17.0.32014.148
MinimumVisualStudioVersion = 10.0.40219.1
Project("{9A19103F-16F7-4668-BE54-9A1E7A4F7556}") = "NighttimeDisplayDimmer", "NighttimeDisplayDimmer\NighttimeDisplayDimmer.csproj", "{73EE895D-AA34-463A-89DF-CBB72A7898B0}"
EndProject
Project("{FAE04EC0-301F-11D3-BF4B-00C04F79EFBC}") = "DisplayControl", "DisplayControl\DisplayControl.csproj", "{654AD319-2344-4F16-B54E-D332BD377D7C}"
EndProject
Global
	GlobalSection(SolutionConfigurationPlatforms) = preSolution
		Debug|Any CPU = Debug|Any CPU
		Release|Any CPU = Release|Any CPU
	EndGlobalSection
	GlobalSection(ProjectConfigurationPlatforms) = postSolution
		{73EE895D-AA34-463A-89DF-CBB72A7898B0}.Debug|Any CPU.ActiveCfg = Debug|Any CPU
		{73EE895D-AA34-463A-89DF-CBB72A7898B0}.Debug|Any CPU.Build.0 = Debug|Any CPU
		{73EE895D-AA34-463A-89DF-CBB72A7898B0}.Release|Any CPU.ActiveCfg = Release|Any CPU
		{73EE895D-AA34-463A-89DF-CBB72A7898B0}.Release|Any CPU.Build.0 = Release|Any CPU
		{654AD319-2344-4F16-B54E-D332BD377D7C}.Debug|Any CPU.ActiveCfg = Debug|Any CPU
		{654AD319-2344-4F16-B54E-D332BD377D7C}.Debug|Any CPU.Build.0 = Debug|Any CPU
		{654AD319-2344-4F16-B54E-D332BD377D7C}.Release|Any CPU.ActiveCfg = Release|Any CPU
		{654AD319-2344-4F16-B54E-D332BD377D7C}.Release|Any CPU.Build.0 = Release|Any CPU
	EndGlobalSection
	GlobalSection(SolutionProperties) = preSolution
		HideSolutionNode = FALSE
	EndGlobalSection
	GlobalSection(ExtensibilityGlobals) = postSolution
		SolutionGuid = {99A2F8A6-81CB-4F67-8B46-C6C740AFE3BE}
	EndGlobalSection
EndGlobal
